
Microsoft Visual Studio Solution File, Format Version 12.00
# Visual Studio 15
Project("{FAE04EC0-301F-11D3-BF4B-00C04F79EFBC}") = "Unity.Timeline", "Unity.Timeline.csproj", "{FF4A731F-0075-1E76-EBCE-6C59D2AE68FE}"
EndProject
Project("{FAE04EC0-301F-11D3-BF4B-00C04F79EFBC}") = "Unity.Timeline.Editor", "Unity.Timeline.Editor.csproj", "{DDB9C6AD-D1FD-F327-6B35-DA0E35BF4D24}"
EndProject
Project("{FAE04EC0-301F-11D3-BF4B-00C04F79EFBC}") = "Unity.ShaderGraph.Editor", "Unity.ShaderGraph.Editor.csproj", "{A49CFF8C-1141-5D98-D7C6-BE54C7E5F1C7}"
EndProject
Project("{FAE04EC0-301F-11D3-BF4B-00C04F79EFBC}") = "Unity.RenderPipelines.Universal.Editor", "Unity.RenderPipelines.Universal.Editor.csproj", "{B7403AD0-417E-005D-7DB9-7856057DB3F8}"
EndProject
Project("{FAE04EC0-301F-11D3-BF4B-00C04F79EFBC}") = "Unity.TextMeshPro.Editor", "Unity.TextMeshPro.Editor.csproj", "{A3780FD0-0FCA-22CE-BAEE-25691A1F917F}"
EndProject
Project("{FAE04EC0-301F-11D3-BF4B-00C04F79EFBC}") = "Unity.VisualScripting.Flow", "Unity.VisualScripting.Flow.csproj", "{08216FFA-CD62-F739-3C24-AA12D85430A0}"
EndProject
Project("{FAE04EC0-301F-11D3-BF4B-00C04F79EFBC}") = "Unity.RenderPipelines.Universal.Runtime", "Unity.RenderPipelines.Universal.Runtime.csproj", "{7651199D-2A53-C001-5AC6-5EE186D06B84}"
EndProject
Project("{FAE04EC0-301F-11D3-BF4B-00C04F79EFBC}") = "UnityEditor.UI", "UnityEditor.UI.csproj", "{493CF8A9-1201-6A65-71C9-EE00F743677B}"
EndProject
Project("{FAE04EC0-301F-11D3-BF4B-00C04F79EFBC}") = "Unity.PlasticSCM.Editor", "Unity.PlasticSCM.Editor.csproj", "{2F84D6F0-5BE5-E9E8-F225-D4A5EAF08DDB}"
EndProject
Project("{FAE04EC0-301F-11D3-BF4B-00C04F79EFBC}") = "Unity.RenderPipelines.Core.Runtime", "Unity.RenderPipelines.Core.Runtime.csproj", "{6794AC98-ECE1-9562-3349-7514BE4C07AE}"
EndProject
Project("{FAE04EC0-301F-11D3-BF4B-00C04F79EFBC}") = "Unity.VisualScripting.Core", "Unity.VisualScripting.Core.csproj", "{533E74D6-7193-2686-A843-231EE9C662E6}"
EndProject
Project("{FAE04EC0-301F-11D3-BF4B-00C04F79EFBC}") = "Unity.Mathematics", "Unity.Mathematics.csproj", "{42F3C204-0BC3-4021-4EA7-A5E0FCB3381B}"
EndProject
Project("{FAE04EC0-301F-11D3-BF4B-00C04F79EFBC}") = "Unity.RenderPipelines.Core.Editor", "Unity.RenderPipelines.Core.Editor.csproj", "{D8C4F121-DD94-D065-23C6-EF58E136A767}"
EndProject
Project("{FAE04EC0-301F-11D3-BF4B-00C04F79EFBC}") = "Unity.VisualScripting.Core.Editor", "Unity.VisualScripting.Core.Editor.csproj", "{FE1F4560-2F9C-9199-2674-E8574E977B06}"
EndProject
Project("{FAE04EC0-301F-11D3-BF4B-00C04F79EFBC}") = "Unity.VisualScripting.Flow.Editor", "Unity.VisualScripting.Flow.Editor.csproj", "{382F90B4-FB4A-DF52-DA53-770BF79B4BC8}"
EndProject
Project("{FAE04EC0-301F-11D3-BF4B-00C04F79EFBC}") = "UnityEditor.TestRunner", "UnityEditor.TestRunner.csproj", "{7188B009-F694-DFF0-BD57-A1C0140AEDE6}"
EndProject
Project("{FAE04EC0-301F-11D3-BF4B-00C04F79EFBC}") = "Unity.VisualScripting.SettingsProvider.Editor", "Unity.VisualScripting.SettingsProvider.Editor.csproj", "{48D64051-72F4-3806-E046-DFBF82A5FC46}"
EndProject
Project("{FAE04EC0-301F-11D3-BF4B-00C04F79EFBC}") = "UnityEngine.TestRunner", "UnityEngine.TestRunner.csproj", "{03CC8D6B-91D7-45EC-B08B-3E3E55A669B4}"
EndProject
Project("{FAE04EC0-301F-11D3-BF4B-00C04F79EFBC}") = "Unity.Searcher.Editor", "Unity.Searcher.Editor.csproj", "{0FC5B930-134C-CB6A-1B19-871043590D42}"
EndProject
Project("{FAE04EC0-301F-11D3-BF4B-00C04F79EFBC}") = "Unity.Burst", "Unity.Burst.csproj", "{473B407E-FA0D-E95B-5361-8FA5D14CC66D}"
EndProject
Project("{FAE04EC0-301F-11D3-BF4B-00C04F79EFBC}") = "UnityEngine.UI", "UnityEngine.UI.csproj", "{B7FA3E70-18A7-03A6-23EE-A2D13402BB72}"
EndProject
Project("{FAE04EC0-301F-11D3-BF4B-00C04F79EFBC}") = "Unity.VisualStudio.Editor", "Unity.VisualStudio.Editor.csproj", "{82B01639-E8E6-AE87-FB58-FDCC8A5852D6}"
EndProject
Project("{FAE04EC0-301F-11D3-BF4B-00C04F79EFBC}") = "PPv2URPConverters", "PPv2URPConverters.csproj", "{56549EDF-3794-173D-9EE8-093B7FE33CA4}"
EndProject
Project("{FAE04EC0-301F-11D3-BF4B-00C04F79EFBC}") = "Assembly-CSharp", "Assembly-CSharp.csproj", "{2A924A7C-E451-ED1A-4566-45E45C19CFEC}"
EndProject
Project("{FAE04EC0-301F-11D3-BF4B-00C04F79EFBC}") = "NuGetForUnity", "NuGetForUnity.csproj", "{2508AF5A-04D9-48D9-7FFC-18860DE19B98}"
EndProject
Project("{FAE04EC0-301F-11D3-BF4B-00C04F79EFBC}") = "Unity.TestTools.CodeCoverage.Editor.OpenCover.Model", "Unity.TestTools.CodeCoverage.Editor.OpenCover.Model.csproj", "{471E322F-0FBB-CA17-BC17-15334CCEA11C}"
EndProject
Project("{FAE04EC0-301F-11D3-BF4B-00C04F79EFBC}") = "Unity.Rider.Editor", "Unity.Rider.Editor.csproj", "{766441E1-F69F-5A09-7AC8-3A076DB73C24}"
EndProject
Project("{FAE04EC0-301F-11D3-BF4B-00C04F79EFBC}") = "Unity.Postprocessing.Runtime", "Unity.Postprocessing.Runtime.csproj", "{C58CBD7E-6F58-5705-4C4F-F45A340CE4B9}"
EndProject
Project("{FAE04EC0-301F-11D3-BF4B-00C04F79EFBC}") = "Unity.VisualScripting.State.Editor", "Unity.VisualScripting.State.Editor.csproj", "{BA60DE49-DA70-40FF-B229-A1BD5E920E30}"
EndProject
Project("{FAE04EC0-301F-11D3-BF4B-00C04F79EFBC}") = "Unity.TestTools.CodeCoverage.Editor", "Unity.TestTools.CodeCoverage.Editor.csproj", "{E0C87AB8-EC1F-5829-9D3F-42F3F0BA8AE0}"
EndProject
Project("{FAE04EC0-301F-11D3-BF4B-00C04F79EFBC}") = "Unity.Burst.CodeGen", "Unity.Burst.CodeGen.csproj", "{F4AF100B-5F1B-DB67-6B98-17365C43834B}"
EndProject
Project("{FAE04EC0-301F-11D3-BF4B-00C04F79EFBC}") = "Unity.RenderPipeline.Universal.ShaderLibrary", "Unity.RenderPipeline.Universal.ShaderLibrary.csproj", "{49F2DCAC-50BD-E0D2-C836-849FE54FE590}"
EndProject
Project("{FAE04EC0-301F-11D3-BF4B-00C04F79EFBC}") = "Unity.Postprocessing.Editor", "Unity.Postprocessing.Editor.csproj", "{B48565E1-ED5A-C19E-1BC6-ADAB34DB61A9}"
EndProject
Project("{FAE04EC0-301F-11D3-BF4B-00C04F79EFBC}") = "Unity.VisualScripting.State", "Unity.VisualScripting.State.csproj", "{242A8D46-A484-A845-6F20-4A0981C8E29D}"
EndProject
Project("{FAE04EC0-301F-11D3-BF4B-00C04F79EFBC}") = "Unity.TextMeshPro", "Unity.TextMeshPro.csproj", "{2DAB7AF8-3659-684A-BD3E-45C29ECE5868}"
EndProject
Project("{FAE04EC0-301F-11D3-BF4B-00C04F79EFBC}") = "Unity.Performance.Profile-Analyzer.Editor", "Unity.Performance.Profile-Analyzer.Editor.csproj", "{0E83F574-B33F-B0F6-2180-A860ABE039C8}"
EndProject
Project("{FAE04EC0-301F-11D3-BF4B-00C04F79EFBC}") = "Unity.VSCode.Editor", "Unity.VSCode.Editor.csproj", "{41F61BD0-C9FE-DF90-D381-F437E64B916E}"
EndProject
Project("{FAE04EC0-301F-11D3-BF4B-00C04F79EFBC}") = "Unity.Burst.Editor", "Unity.Burst.Editor.csproj", "{F2624AEA-D2CA-A616-4C5A-3FF0577A97A2}"
EndProject
Project("{FAE04EC0-301F-11D3-BF4B-00C04F79EFBC}") = "Unity.TestTools.CodeCoverage.Editor.OpenCover.Mono.Reflection", "Unity.TestTools.CodeCoverage.Editor.OpenCover.Mono.Reflection.csproj", "{7F8E5E98-AF18-5C48-B565-B81ACCA7B6FA}"
EndProject
Project("{FAE04EC0-301F-11D3-BF4B-00C04F79EFBC}") = "Unity.Settings.Editor", "Unity.Settings.Editor.csproj", "{321B3C80-BDA4-31E8-11DB-E2F90C7B08CB}"
EndProject
Project("{FAE04EC0-301F-11D3-BF4B-00C04F79EFBC}") = "Unity.ShaderGraph.Utilities", "Unity.ShaderGraph.Utilities.csproj", "{A9BDBF53-42B6-978C-21A4-5A5FA1D7D4B4}"
EndProject
Project("{FAE04EC0-301F-11D3-BF4B-00C04F79EFBC}") = "Unity.EditorCoroutines.Editor", "Unity.EditorCoroutines.Editor.csproj", "{5ED73766-D2FE-09DB-F859-2EAE4B2930D6}"
EndProject
Project("{FAE04EC0-301F-11D3-BF4B-00C04F79EFBC}") = "Unity.Mathematics.Editor", "Unity.Mathematics.Editor.csproj", "{F12DC699-AD2C-F6A0-9424-52AD8B6F26A0}"
EndProject
Project("{FAE04EC0-301F-11D3-BF4B-00C04F79EFBC}") = "Unity.VisualScripting.Shared.Editor", "Unity.VisualScripting.Shared.Editor.csproj", "{4DF8ED1D-CEA9-2469-6238-A1E60F2EF4C3}"
EndProject
Project("{FAE04EC0-301F-11D3-BF4B-00C04F79EFBC}") = "Unity.RenderPipelines.Universal.Config.Runtime", "Unity.RenderPipelines.Universal.Config.Runtime.csproj", "{4E00B0D3-1615-9209-95B9-288F848FC39B}"
EndProject
Project("{FAE04EC0-301F-11D3-BF4B-00C04F79EFBC}") = "Unity.CollabProxy.Editor", "Unity.CollabProxy.Editor.csproj", "{F8E1C921-129B-3F79-1531-4460CA8C53CE}"
EndProject
Project("{FAE04EC0-301F-11D3-BF4B-00C04F79EFBC}") = "Unity.RenderPipelines.ShaderGraph.ShaderGraphLibrary", "Unity.RenderPipelines.ShaderGraph.ShaderGraphLibrary.csproj", "{71CA48B9-F879-4090-A6E6-7B6600CB0639}"
EndProject
Project("{FAE04EC0-301F-11D3-BF4B-00C04F79EFBC}") = "Unity.RenderPipelines.Core.ShaderLibrary", "Unity.RenderPipelines.Core.ShaderLibrary.csproj", "{071DD978-B537-63B1-2AC3-01F5AB139F26}"
EndProject
Project("{FAE04EC0-301F-11D3-BF4B-00C04F79EFBC}") = "Unity.RenderPipelines.Universal.Shaders", "Unity.RenderPipelines.Universal.Shaders.csproj", "{622412F6-91E2-1514-F12E-27E0393ED886}"
EndProject
Project("{2150E333-8FDC-42A3-9474-1A3956D46DE8}") = "Solution Items", "Solution Items", "{EADFD9E4-4401-41D9-AB2B-DC412F48201B}"
	ProjectSection(SolutionItems) = preProject
		.editorconfig = .editorconfig
	EndProjectSection
EndProject
Global
	GlobalSection(SolutionConfigurationPlatforms) = preSolution
		Debug|Any CPU = Debug|Any CPU
		Release|Any CPU = Release|Any CPU
	EndGlobalSection
	GlobalSection(ProjectConfigurationPlatforms) = postSolution
		{FF4A731F-0075-1E76-EBCE-6C59D2AE68FE}.Debug|Any CPU.ActiveCfg = Debug|Any CPU
		{FF4A731F-0075-1E76-EBCE-6C59D2AE68FE}.Debug|Any CPU.Build.0 = Debug|Any CPU
		{FF4A731F-0075-1E76-EBCE-6C59D2AE68FE}.Release|Any CPU.ActiveCfg = Release|Any CPU
		{FF4A731F-0075-1E76-EBCE-6C59D2AE68FE}.Release|Any CPU.Build.0 = Release|Any CPU
		{DDB9C6AD-D1FD-F327-6B35-DA0E35BF4D24}.Debug|Any CPU.ActiveCfg = Debug|Any CPU
		{DDB9C6AD-D1FD-F327-6B35-DA0E35BF4D24}.Debug|Any CPU.Build.0 = Debug|Any CPU
		{DDB9C6AD-D1FD-F327-6B35-DA0E35BF4D24}.Release|Any CPU.ActiveCfg = Release|Any CPU
		{DDB9C6AD-D1FD-F327-6B35-DA0E35BF4D24}.Release|Any CPU.Build.0 = Release|Any CPU
		{A49CFF8C-1141-5D98-D7C6-BE54C7E5F1C7}.Debug|Any CPU.ActiveCfg = Debug|Any CPU
		{A49CFF8C-1141-5D98-D7C6-BE54C7E5F1C7}.Debug|Any CPU.Build.0 = Debug|Any CPU
		{A49CFF8C-1141-5D98-D7C6-BE54C7E5F1C7}.Release|Any CPU.ActiveCfg = Release|Any CPU
		{A49CFF8C-1141-5D98-D7C6-BE54C7E5F1C7}.Release|Any CPU.Build.0 = Release|Any CPU
		{B7403AD0-417E-005D-7DB9-7856057DB3F8}.Debug|Any CPU.ActiveCfg = Debug|Any CPU
		{B7403AD0-417E-005D-7DB9-7856057DB3F8}.Debug|Any CPU.Build.0 = Debug|Any CPU
		{B7403AD0-417E-005D-7DB9-7856057DB3F8}.Release|Any CPU.ActiveCfg = Release|Any CPU
		{B7403AD0-417E-005D-7DB9-7856057DB3F8}.Release|Any CPU.Build.0 = Release|Any CPU
		{A3780FD0-0FCA-22CE-BAEE-25691A1F917F}.Debug|Any CPU.ActiveCfg = Debug|Any CPU
		{A3780FD0-0FCA-22CE-BAEE-25691A1F917F}.Debug|Any CPU.Build.0 = Debug|Any CPU
		{A3780FD0-0FCA-22CE-BAEE-25691A1F917F}.Release|Any CPU.ActiveCfg = Release|Any CPU
		{A3780FD0-0FCA-22CE-BAEE-25691A1F917F}.Release|Any CPU.Build.0 = Release|Any CPU
		{08216FFA-CD62-F739-3C24-AA12D85430A0}.Debug|Any CPU.ActiveCfg = Debug|Any CPU
		{08216FFA-CD62-F739-3C24-AA12D85430A0}.Debug|Any CPU.Build.0 = Debug|Any CPU
		{08216FFA-CD62-F739-3C24-AA12D85430A0}.Release|Any CPU.ActiveCfg = Release|Any CPU
		{08216FFA-CD62-F739-3C24-AA12D85430A0}.Release|Any CPU.Build.0 = Release|Any CPU
		{7651199D-2A53-C001-5AC6-5EE186D06B84}.Debug|Any CPU.ActiveCfg = Debug|Any CPU
		{7651199D-2A53-C001-5AC6-5EE186D06B84}.Debug|Any CPU.Build.0 = Debug|Any CPU
		{7651199D-2A53-C001-5AC6-5EE186D06B84}.Release|Any CPU.ActiveCfg = Release|Any CPU
		{7651199D-2A53-C001-5AC6-5EE186D06B84}.Release|Any CPU.Build.0 = Release|Any CPU
		{493CF8A9-1201-6A65-71C9-EE00F743677B}.Debug|Any CPU.ActiveCfg = Debug|Any CPU
		{493CF8A9-1201-6A65-71C9-EE00F743677B}.Debug|Any CPU.Build.0 = Debug|Any CPU
		{493CF8A9-1201-6A65-71C9-EE00F743677B}.Release|Any CPU.ActiveCfg = Release|Any CPU
		{493CF8A9-1201-6A65-71C9-EE00F743677B}.Release|Any CPU.Build.0 = Release|Any CPU
		{2F84D6F0-5BE5-E9E8-F225-D4A5EAF08DDB}.Debug|Any CPU.ActiveCfg = Debug|Any CPU
		{2F84D6F0-5BE5-E9E8-F225-D4A5EAF08DDB}.Debug|Any CPU.Build.0 = Debug|Any CPU
		{2F84D6F0-5BE5-E9E8-F225-D4A5EAF08DDB}.Release|Any CPU.ActiveCfg = Release|Any CPU
		{2F84D6F0-5BE5-E9E8-F225-D4A5EAF08DDB}.Release|Any CPU.Build.0 = Release|Any CPU
		{6794AC98-ECE1-9562-3349-7514BE4C07AE}.Debug|Any CPU.ActiveCfg = Debug|Any CPU
		{6794AC98-ECE1-9562-3349-7514BE4C07AE}.Debug|Any CPU.Build.0 = Debug|Any CPU
		{6794AC98-ECE1-9562-3349-7514BE4C07AE}.Release|Any CPU.ActiveCfg = Release|Any CPU
		{6794AC98-ECE1-9562-3349-7514BE4C07AE}.Release|Any CPU.Build.0 = Release|Any CPU
		{533E74D6-7193-2686-A843-231EE9C662E6}.Debug|Any CPU.ActiveCfg = Debug|Any CPU
		{533E74D6-7193-2686-A843-231EE9C662E6}.Debug|Any CPU.Build.0 = Debug|Any CPU
		{533E74D6-7193-2686-A843-231EE9C662E6}.Release|Any CPU.ActiveCfg = Release|Any CPU
		{533E74D6-7193-2686-A843-231EE9C662E6}.Release|Any CPU.Build.0 = Release|Any CPU
		{42F3C204-0BC3-4021-4EA7-A5E0FCB3381B}.Debug|Any CPU.ActiveCfg = Debug|Any CPU
		{42F3C204-0BC3-4021-4EA7-A5E0FCB3381B}.Debug|Any CPU.Build.0 = Debug|Any CPU
		{42F3C204-0BC3-4021-4EA7-A5E0FCB3381B}.Release|Any CPU.ActiveCfg = Release|Any CPU
		{42F3C204-0BC3-4021-4EA7-A5E0FCB3381B}.Release|Any CPU.Build.0 = Release|Any CPU
		{D8C4F121-DD94-D065-23C6-EF58E136A767}.Debug|Any CPU.ActiveCfg = Debug|Any CPU
		{D8C4F121-DD94-D065-23C6-EF58E136A767}.Debug|Any CPU.Build.0 = Debug|Any CPU
		{D8C4F121-DD94-D065-23C6-EF58E136A767}.Release|Any CPU.ActiveCfg = Release|Any CPU
		{D8C4F121-DD94-D065-23C6-EF58E136A767}.Release|Any CPU.Build.0 = Release|Any CPU
		{FE1F4560-2F9C-9199-2674-E8574E977B06}.Debug|Any CPU.ActiveCfg = Debug|Any CPU
		{FE1F4560-2F9C-9199-2674-E8574E977B06}.Debug|Any CPU.Build.0 = Debug|Any CPU
		{FE1F4560-2F9C-9199-2674-E8574E977B06}.Release|Any CPU.ActiveCfg = Release|Any CPU
		{FE1F4560-2F9C-9199-2674-E8574E977B06}.Release|Any CPU.Build.0 = Release|Any CPU
		{382F90B4-FB4A-DF52-DA53-770BF79B4BC8}.Debug|Any CPU.ActiveCfg = Debug|Any CPU
		{382F90B4-FB4A-DF52-DA53-770BF79B4BC8}.Debug|Any CPU.Build.0 = Debug|Any CPU
		{382F90B4-FB4A-DF52-DA53-770BF79B4BC8}.Release|Any CPU.ActiveCfg = Release|Any CPU
		{382F90B4-FB4A-DF52-DA53-770BF79B4BC8}.Release|Any CPU.Build.0 = Release|Any CPU
		{7188B009-F694-DFF0-BD57-A1C0140AEDE6}.Debug|Any CPU.ActiveCfg = Debug|Any CPU
		{7188B009-F694-DFF0-BD57-A1C0140AEDE6}.Debug|Any CPU.Build.0 = Debug|Any CPU
		{7188B009-F694-DFF0-BD57-A1C0140AEDE6}.Release|Any CPU.ActiveCfg = Release|Any CPU
		{7188B009-F694-DFF0-BD57-A1C0140AEDE6}.Release|Any CPU.Build.0 = Release|Any CPU
		{48D64051-72F4-3806-E046-DFBF82A5FC46}.Debug|Any CPU.ActiveCfg = Debug|Any CPU
		{48D64051-72F4-3806-E046-DFBF82A5FC46}.Debug|Any CPU.Build.0 = Debug|Any CPU
		{48D64051-72F4-3806-E046-DFBF82A5FC46}.Release|Any CPU.ActiveCfg = Release|Any CPU
		{48D64051-72F4-3806-E046-DFBF82A5FC46}.Release|Any CPU.Build.0 = Release|Any CPU
		{03CC8D6B-91D7-45EC-B08B-3E3E55A669B4}.Debug|Any CPU.ActiveCfg = Debug|Any CPU
		{03CC8D6B-91D7-45EC-B08B-3E3E55A669B4}.Debug|Any CPU.Build.0 = Debug|Any CPU
		{03CC8D6B-91D7-45EC-B08B-3E3E55A669B4}.Release|Any CPU.ActiveCfg = Release|Any CPU
		{03CC8D6B-91D7-45EC-B08B-3E3E55A669B4}.Release|Any CPU.Build.0 = Release|Any CPU
		{0FC5B930-134C-CB6A-1B19-871043590D42}.Debug|Any CPU.ActiveCfg = Debug|Any CPU
		{0FC5B930-134C-CB6A-1B19-871043590D42}.Debug|Any CPU.Build.0 = Debug|Any CPU
		{0FC5B930-134C-CB6A-1B19-871043590D42}.Release|Any CPU.ActiveCfg = Release|Any CPU
		{0FC5B930-134C-CB6A-1B19-871043590D42}.Release|Any CPU.Build.0 = Release|Any CPU
		{473B407E-FA0D-E95B-5361-8FA5D14CC66D}.Debug|Any CPU.ActiveCfg = Debug|Any CPU
		{473B407E-FA0D-E95B-5361-8FA5D14CC66D}.Debug|Any CPU.Build.0 = Debug|Any CPU
		{473B407E-FA0D-E95B-5361-8FA5D14CC66D}.Release|Any CPU.ActiveCfg = Release|Any CPU
		{473B407E-FA0D-E95B-5361-8FA5D14CC66D}.Release|Any CPU.Build.0 = Release|Any CPU
		{B7FA3E70-18A7-03A6-23EE-A2D13402BB72}.Debug|Any CPU.ActiveCfg = Debug|Any CPU
		{B7FA3E70-18A7-03A6-23EE-A2D13402BB72}.Debug|Any CPU.Build.0 = Debug|Any CPU
		{B7FA3E70-18A7-03A6-23EE-A2D13402BB72}.Release|Any CPU.ActiveCfg = Release|Any CPU
		{B7FA3E70-18A7-03A6-23EE-A2D13402BB72}.Release|Any CPU.Build.0 = Release|Any CPU
		{82B01639-E8E6-AE87-FB58-FDCC8A5852D6}.Debug|Any CPU.ActiveCfg = Debug|Any CPU
		{82B01639-E8E6-AE87-FB58-FDCC8A5852D6}.Debug|Any CPU.Build.0 = Debug|Any CPU
		{82B01639-E8E6-AE87-FB58-FDCC8A5852D6}.Release|Any CPU.ActiveCfg = Release|Any CPU
		{82B01639-E8E6-AE87-FB58-FDCC8A5852D6}.Release|Any CPU.Build.0 = Release|Any CPU
		{56549EDF-3794-173D-9EE8-093B7FE33CA4}.Debug|Any CPU.ActiveCfg = Debug|Any CPU
		{56549EDF-3794-173D-9EE8-093B7FE33CA4}.Debug|Any CPU.Build.0 = Debug|Any CPU
		{56549EDF-3794-173D-9EE8-093B7FE33CA4}.Release|Any CPU.ActiveCfg = Release|Any CPU
		{56549EDF-3794-173D-9EE8-093B7FE33CA4}.Release|Any CPU.Build.0 = Release|Any CPU
		{2A924A7C-E451-ED1A-4566-45E45C19CFEC}.Debug|Any CPU.ActiveCfg = Debug|Any CPU
		{2A924A7C-E451-ED1A-4566-45E45C19CFEC}.Debug|Any CPU.Build.0 = Debug|Any CPU
		{2A924A7C-E451-ED1A-4566-45E45C19CFEC}.Release|Any CPU.ActiveCfg = Release|Any CPU
		{2A924A7C-E451-ED1A-4566-45E45C19CFEC}.Release|Any CPU.Build.0 = Release|Any CPU
		{2508AF5A-04D9-48D9-7FFC-18860DE19B98}.Debug|Any CPU.ActiveCfg = Debug|Any CPU
		{2508AF5A-04D9-48D9-7FFC-18860DE19B98}.Debug|Any CPU.Build.0 = Debug|Any CPU
		{2508AF5A-04D9-48D9-7FFC-18860DE19B98}.Release|Any CPU.ActiveCfg = Release|Any CPU
		{2508AF5A-04D9-48D9-7FFC-18860DE19B98}.Release|Any CPU.Build.0 = Release|Any CPU
		{471E322F-0FBB-CA17-BC17-15334CCEA11C}.Debug|Any CPU.ActiveCfg = Debug|Any CPU
		{471E322F-0FBB-CA17-BC17-15334CCEA11C}.Debug|Any CPU.Build.0 = Debug|Any CPU
		{471E322F-0FBB-CA17-BC17-15334CCEA11C}.Release|Any CPU.ActiveCfg = Release|Any CPU
		{471E322F-0FBB-CA17-BC17-15334CCEA11C}.Release|Any CPU.Build.0 = Release|Any CPU
		{766441E1-F69F-5A09-7AC8-3A076DB73C24}.Debug|Any CPU.ActiveCfg = Debug|Any CPU
		{766441E1-F69F-5A09-7AC8-3A076DB73C24}.Debug|Any CPU.Build.0 = Debug|Any CPU
		{766441E1-F69F-5A09-7AC8-3A076DB73C24}.Release|Any CPU.ActiveCfg = Release|Any CPU
		{766441E1-F69F-5A09-7AC8-3A076DB73C24}.Release|Any CPU.Build.0 = Release|Any CPU
		{C58CBD7E-6F58-5705-4C4F-F45A340CE4B9}.Debug|Any CPU.ActiveCfg = Debug|Any CPU
		{C58CBD7E-6F58-5705-4C4F-F45A340CE4B9}.Debug|Any CPU.Build.0 = Debug|Any CPU
		{C58CBD7E-6F58-5705-4C4F-F45A340CE4B9}.Release|Any CPU.ActiveCfg = Release|Any CPU
		{C58CBD7E-6F58-5705-4C4F-F45A340CE4B9}.Release|Any CPU.Build.0 = Release|Any CPU
		{BA60DE49-DA70-40FF-B229-A1BD5E920E30}.Debug|Any CPU.ActiveCfg = Debug|Any CPU
		{BA60DE49-DA70-40FF-B229-A1BD5E920E30}.Debug|Any CPU.Build.0 = Debug|Any CPU
		{BA60DE49-DA70-40FF-B229-A1BD5E920E30}.Release|Any CPU.ActiveCfg = Release|Any CPU
		{BA60DE49-DA70-40FF-B229-A1BD5E920E30}.Release|Any CPU.Build.0 = Release|Any CPU
		{E0C87AB8-EC1F-5829-9D3F-42F3F0BA8AE0}.Debug|Any CPU.ActiveCfg = Debug|Any CPU
		{E0C87AB8-EC1F-5829-9D3F-42F3F0BA8AE0}.Debug|Any CPU.Build.0 = Debug|Any CPU
		{E0C87AB8-EC1F-5829-9D3F-42F3F0BA8AE0}.Release|Any CPU.ActiveCfg = Release|Any CPU
		{E0C87AB8-EC1F-5829-9D3F-42F3F0BA8AE0}.Release|Any CPU.Build.0 = Release|Any CPU
		{F4AF100B-5F1B-DB67-6B98-17365C43834B}.Debug|Any CPU.ActiveCfg = Debug|Any CPU
		{F4AF100B-5F1B-DB67-6B98-17365C43834B}.Debug|Any CPU.Build.0 = Debug|Any CPU
		{F4AF100B-5F1B-DB67-6B98-17365C43834B}.Release|Any CPU.ActiveCfg = Release|Any CPU
		{F4AF100B-5F1B-DB67-6B98-17365C43834B}.Release|Any CPU.Build.0 = Release|Any CPU
		{49F2DCAC-50BD-E0D2-C836-849FE54FE590}.Debug|Any CPU.ActiveCfg = Debug|Any CPU
		{49F2DCAC-50BD-E0D2-C836-849FE54FE590}.Debug|Any CPU.Build.0 = Debug|Any CPU
		{49F2DCAC-50BD-E0D2-C836-849FE54FE590}.Release|Any CPU.ActiveCfg = Release|Any CPU
		{49F2DCAC-50BD-E0D2-C836-849FE54FE590}.Release|Any CPU.Build.0 = Release|Any CPU
		{B48565E1-ED5A-C19E-1BC6-ADAB34DB61A9}.Debug|Any CPU.ActiveCfg = Debug|Any CPU
		{B48565E1-ED5A-C19E-1BC6-ADAB34DB61A9}.Debug|Any CPU.Build.0 = Debug|Any CPU
		{B48565E1-ED5A-C19E-1BC6-ADAB34DB61A9}.Release|Any CPU.ActiveCfg = Release|Any CPU
		{B48565E1-ED5A-C19E-1BC6-ADAB34DB61A9}.Release|Any CPU.Build.0 = Release|Any CPU
		{242A8D46-A484-A845-6F20-4A0981C8E29D}.Debug|Any CPU.ActiveCfg = Debug|Any CPU
		{242A8D46-A484-A845-6F20-4A0981C8E29D}.Debug|Any CPU.Build.0 = Debug|Any CPU
		{242A8D46-A484-A845-6F20-4A0981C8E29D}.Release|Any CPU.ActiveCfg = Release|Any CPU
		{242A8D46-A484-A845-6F20-4A0981C8E29D}.Release|Any CPU.Build.0 = Release|Any CPU
		{2DAB7AF8-3659-684A-BD3E-45C29ECE5868}.Debug|Any CPU.ActiveCfg = Debug|Any CPU
		{2DAB7AF8-3659-684A-BD3E-45C29ECE5868}.Debug|Any CPU.Build.0 = Debug|Any CPU
		{2DAB7AF8-3659-684A-BD3E-45C29ECE5868}.Release|Any CPU.ActiveCfg = Release|Any CPU
		{2DAB7AF8-3659-684A-BD3E-45C29ECE5868}.Release|Any CPU.Build.0 = Release|Any CPU
		{0E83F574-B33F-B0F6-2180-A860ABE039C8}.Debug|Any CPU.ActiveCfg = Debug|Any CPU
		{0E83F574-B33F-B0F6-2180-A860ABE039C8}.Debug|Any CPU.Build.0 = Debug|Any CPU
		{0E83F574-B33F-B0F6-2180-A860ABE039C8}.Release|Any CPU.ActiveCfg = Release|Any CPU
		{0E83F574-B33F-B0F6-2180-A860ABE039C8}.Release|Any CPU.Build.0 = Release|Any CPU
		{41F61BD0-C9FE-DF90-D381-F437E64B916E}.Debug|Any CPU.ActiveCfg = Debug|Any CPU
		{41F61BD0-C9FE-DF90-D381-F437E64B916E}.Debug|Any CPU.Build.0 = Debug|Any CPU
		{41F61BD0-C9FE-DF90-D381-F437E64B916E}.Release|Any CPU.ActiveCfg = Release|Any CPU
		{41F61BD0-C9FE-DF90-D381-F437E64B916E}.Release|Any CPU.Build.0 = Release|Any CPU
		{F2624AEA-D2CA-A616-4C5A-3FF0577A97A2}.Debug|Any CPU.ActiveCfg = Debug|Any CPU
		{F2624AEA-D2CA-A616-4C5A-3FF0577A97A2}.Debug|Any CPU.Build.0 = Debug|Any CPU
		{F2624AEA-D2CA-A616-4C5A-3FF0577A97A2}.Release|Any CPU.ActiveCfg = Release|Any CPU
		{F2624AEA-D2CA-A616-4C5A-3FF0577A97A2}.Release|Any CPU.Build.0 = Release|Any CPU
		{7F8E5E98-AF18-5C48-B565-B81ACCA7B6FA}.Debug|Any CPU.ActiveCfg = Debug|Any CPU
		{7F8E5E98-AF18-5C48-B565-B81ACCA7B6FA}.Debug|Any CPU.Build.0 = Debug|Any CPU
		{7F8E5E98-AF18-5C48-B565-B81ACCA7B6FA}.Release|Any CPU.ActiveCfg = Release|Any CPU
		{7F8E5E98-AF18-5C48-B565-B81ACCA7B6FA}.Release|Any CPU.Build.0 = Release|Any CPU
		{321B3C80-BDA4-31E8-11DB-E2F90C7B08CB}.Debug|Any CPU.ActiveCfg = Debug|Any CPU
		{321B3C80-BDA4-31E8-11DB-E2F90C7B08CB}.Debug|Any CPU.Build.0 = Debug|Any CPU
		{321B3C80-BDA4-31E8-11DB-E2F90C7B08CB}.Release|Any CPU.ActiveCfg = Release|Any CPU
		{321B3C80-BDA4-31E8-11DB-E2F90C7B08CB}.Release|Any CPU.Build.0 = Release|Any CPU
		{A9BDBF53-42B6-978C-21A4-5A5FA1D7D4B4}.Debug|Any CPU.ActiveCfg = Debug|Any CPU
		{A9BDBF53-42B6-978C-21A4-5A5FA1D7D4B4}.Debug|Any CPU.Build.0 = Debug|Any CPU
		{A9BDBF53-42B6-978C-21A4-5A5FA1D7D4B4}.Release|Any CPU.ActiveCfg = Release|Any CPU
		{A9BDBF53-42B6-978C-21A4-5A5FA1D7D4B4}.Release|Any CPU.Build.0 = Release|Any CPU
		{5ED73766-D2FE-09DB-F859-2EAE4B2930D6}.Debug|Any CPU.ActiveCfg = Debug|Any CPU
		{5ED73766-D2FE-09DB-F859-2EAE4B2930D6}.Debug|Any CPU.Build.0 = Debug|Any CPU
		{5ED73766-D2FE-09DB-F859-2EAE4B2930D6}.Release|Any CPU.ActiveCfg = Release|Any CPU
		{5ED73766-D2FE-09DB-F859-2EAE4B2930D6}.Release|Any CPU.Build.0 = Release|Any CPU
		{F12DC699-AD2C-F6A0-9424-52AD8B6F26A0}.Debug|Any CPU.ActiveCfg = Debug|Any CPU
		{F12DC699-AD2C-F6A0-9424-52AD8B6F26A0}.Debug|Any CPU.Build.0 = Debug|Any CPU
		{F12DC699-AD2C-F6A0-9424-52AD8B6F26A0}.Release|Any CPU.ActiveCfg = Release|Any CPU
		{F12DC699-AD2C-F6A0-9424-52AD8B6F26A0}.Release|Any CPU.Build.0 = Release|Any CPU
		{4DF8ED1D-CEA9-2469-6238-A1E60F2EF4C3}.Debug|Any CPU.ActiveCfg = Debug|Any CPU
		{4DF8ED1D-CEA9-2469-6238-A1E60F2EF4C3}.Debug|Any CPU.Build.0 = Debug|Any CPU
		{4DF8ED1D-CEA9-2469-6238-A1E60F2EF4C3}.Release|Any CPU.ActiveCfg = Release|Any CPU
		{4DF8ED1D-CEA9-2469-6238-A1E60F2EF4C3}.Release|Any CPU.Build.0 = Release|Any CPU
		{4E00B0D3-1615-9209-95B9-288F848FC39B}.Debug|Any CPU.ActiveCfg = Debug|Any CPU
		{4E00B0D3-1615-9209-95B9-288F848FC39B}.Debug|Any CPU.Build.0 = Debug|Any CPU
		{4E00B0D3-1615-9209-95B9-288F848FC39B}.Release|Any CPU.ActiveCfg = Release|Any CPU
		{4E00B0D3-1615-9209-95B9-288F848FC39B}.Release|Any CPU.Build.0 = Release|Any CPU
		{F8E1C921-129B-3F79-1531-4460CA8C53CE}.Debug|Any CPU.ActiveCfg = Debug|Any CPU
		{F8E1C921-129B-3F79-1531-4460CA8C53CE}.Debug|Any CPU.Build.0 = Debug|Any CPU
		{F8E1C921-129B-3F79-1531-4460CA8C53CE}.Release|Any CPU.ActiveCfg = Release|Any CPU
		{F8E1C921-129B-3F79-1531-4460CA8C53CE}.Release|Any CPU.Build.0 = Release|Any CPU
		{71CA48B9-F879-4090-A6E6-7B6600CB0639}.Debug|Any CPU.ActiveCfg = Debug|Any CPU
		{71CA48B9-F879-4090-A6E6-7B6600CB0639}.Debug|Any CPU.Build.0 = Debug|Any CPU
		{71CA48B9-F879-4090-A6E6-7B6600CB0639}.Release|Any CPU.ActiveCfg = Release|Any CPU
		{71CA48B9-F879-4090-A6E6-7B6600CB0639}.Release|Any CPU.Build.0 = Release|Any CPU
		{071DD978-B537-63B1-2AC3-01F5AB139F26}.Debug|Any CPU.ActiveCfg = Debug|Any CPU
		{071DD978-B537-63B1-2AC3-01F5AB139F26}.Debug|Any CPU.Build.0 = Debug|Any CPU
		{071DD978-B537-63B1-2AC3-01F5AB139F26}.Release|Any CPU.ActiveCfg = Release|Any CPU
		{071DD978-B537-63B1-2AC3-01F5AB139F26}.Release|Any CPU.Build.0 = Release|Any CPU
		{622412F6-91E2-1514-F12E-27E0393ED886}.Debug|Any CPU.ActiveCfg = Debug|Any CPU
		{622412F6-91E2-1514-F12E-27E0393ED886}.Debug|Any CPU.Build.0 = Debug|Any CPU
		{622412F6-91E2-1514-F12E-27E0393ED886}.Release|Any CPU.ActiveCfg = Release|Any CPU
		{622412F6-91E2-1514-F12E-27E0393ED886}.Release|Any CPU.Build.0 = Release|Any CPU
	EndGlobalSection
	GlobalSection(SolutionProperties) = preSolution
		HideSolutionNode = FALSE
	EndGlobalSection
EndGlobal
